// !$*UTF8*$!
{
	archiveVersion = 1;
	classes = {
	};
	objectVersion = 50;
	objects = {

/* Begin PBXBuildFile section */
		040362FD2249CFAF00F3F249 /* XLsn0wTableViewCell.m in Sources */ = {isa = PBXBuildFile; fileRef = 040362F82249CFAE00F3F249 /* XLsn0wTableViewCell.m */; };
		040362FE2249CFAF00F3F249 /* XLsn0wLabel.m in Sources */ = {isa = PBXBuildFile; fileRef = 040362FA2249CFAF00F3F249 /* XLsn0wLabel.m */; };
		040362FF2249CFAF00F3F249 /* DrawTableView.m in Sources */ = {isa = PBXBuildFile; fileRef = 040362FB2249CFAF00F3F249 /* DrawTableView.m */; };
		040363072249CFC700F3F249 /* UIScreen+Additions.m in Sources */ = {isa = PBXBuildFile; fileRef = 040363032249CFC700F3F249 /* UIScreen+Additions.m */; };
		040363082249CFC700F3F249 /* UIView+Additions.m in Sources */ = {isa = PBXBuildFile; fileRef = 040363052249CFC700F3F249 /* UIView+Additions.m */; };
		040363092249CFC700F3F249 /* NSString+Additions.m in Sources */ = {isa = PBXBuildFile; fileRef = 040363062249CFC700F3F249 /* NSString+Additions.m */; };
		040363132249D2C900F3F249 /* FirstViewController.m in Sources */ = {isa = PBXBuildFile; fileRef = 0403630B2249D2C800F3F249 /* FirstViewController.m */; };
		040363142249D2C900F3F249 /* aTableViewCell.m in Sources */ = {isa = PBXBuildFile; fileRef = 0403630C2249D2C800F3F249 /* aTableViewCell.m */; };
		040363152249D2C900F3F249 /* bTableViewCell.xib in Resources */ = {isa = PBXBuildFile; fileRef = 0403630E2249D2C900F3F249 /* bTableViewCell.xib */; };
		040363162249D2C900F3F249 /* SecondViewController.m in Sources */ = {isa = PBXBuildFile; fileRef = 0403630F2249D2C900F3F249 /* SecondViewController.m */; };
		040363172249D2C900F3F249 /* bTableViewCell.m in Sources */ = {isa = PBXBuildFile; fileRef = 040363102249D2C900F3F249 /* bTableViewCell.m */; };
		044B5F262248A27400EF5A1D /* AppDelegate.m in Sources */ = {isa = PBXBuildFile; fileRef = 044B5F252248A27400EF5A1D /* AppDelegate.m */; };
		044B5F292248A27400EF5A1D /* ViewController.m in Sources */ = {isa = PBXBuildFile; fileRef = 044B5F282248A27400EF5A1D /* ViewController.m */; };
		044B5F2C2248A27400EF5A1D /* Main.storyboard in Resources */ = {isa = PBXBuildFile; fileRef = 044B5F2A2248A27400EF5A1D /* Main.storyboard */; };
		044B5F2E2248A27500EF5A1D /* Assets.xcassets in Resources */ = {isa = PBXBuildFile; fileRef = 044B5F2D2248A27500EF5A1D /* Assets.xcassets */; };
		044B5F312248A27500EF5A1D /* LaunchScreen.storyboard in Resources */ = {isa = PBXBuildFile; fileRef = 044B5F2F2248A27500EF5A1D /* LaunchScreen.storyboard */; };
		044B5F342248A27500EF5A1D /* main.m in Sources */ = {isa = PBXBuildFile; fileRef = 044B5F332248A27500EF5A1D /* main.m */; };
		044B5F3E2248A27500EF5A1D /* XLsn0wTableViewTests.m in Sources */ = {isa = PBXBuildFile; fileRef = 044B5F3D2248A27500EF5A1D /* XLsn0wTableViewTests.m */; };
		044B5F492248A27500EF5A1D /* XLsn0wTableViewUITests.m in Sources */ = {isa = PBXBuildFile; fileRef = 044B5F482248A27500EF5A1D /* XLsn0wTableViewUITests.m */; };
		044B5F622248A87200EF5A1D /* TableViewProtocoler.m in Sources */ = {isa = PBXBuildFile; fileRef = 044B5F602248A87200EF5A1D /* TableViewProtocoler.m */; };
		044B5F672248A88500EF5A1D /* TableViewManager.m in Sources */ = {isa = PBXBuildFile; fileRef = 044B5F652248A88500EF5A1D /* TableViewManager.m */; };
		044B5F682248A88500EF5A1D /* UITableView+TableViewManager.m in Sources */ = {isa = PBXBuildFile; fileRef = 044B5F662248A88500EF5A1D /* UITableView+TableViewManager.m */; };
		044B5F6C2248B32000EF5A1D /* XLsn0wTextCarousel.podspec in Resources */ = {isa = PBXBuildFile; fileRef = 044B5F6A2248B31F00EF5A1D /* XLsn0wTextCarousel.podspec */; };
		044B5F712248C7FC00EF5A1D /* DownloadPicturer.m in Sources */ = {isa = PBXBuildFile; fileRef = 044B5F6F2248C7FC00EF5A1D /* DownloadPicturer.m */; };
		044B5F722248C7FC00EF5A1D /* DownloadPicturerPath.m in Sources */ = {isa = PBXBuildFile; fileRef = 044B5F702248C7FC00EF5A1D /* DownloadPicturerPath.m */; };
		04AC2FEA224A077700D6DDBE /* ASDetailModel.m in Sources */ = {isa = PBXBuildFile; fileRef = 04AC2FDD224A077600D6DDBE /* ASDetailModel.m */; };
		04AC2FEB224A077700D6DDBE /* ASModel.m in Sources */ = {isa = PBXBuildFile; fileRef = 04AC2FDF224A077600D6DDBE /* ASModel.m */; };
		04AC2FEC224A077700D6DDBE /* ASDetailViewController.m in Sources */ = {isa = PBXBuildFile; fileRef = 04AC2FE2224A077600D6DDBE /* ASDetailViewController.m */; };
		04AC2FED224A077700D6DDBE /* ASHomeViewController.m in Sources */ = {isa = PBXBuildFile; fileRef = 04AC2FE4224A077600D6DDBE /* ASHomeViewController.m */; };
		04AC2FEE224A077700D6DDBE /* ASDetailTableViewCell.m in Sources */ = {isa = PBXBuildFile; fileRef = 04AC2FE7224A077600D6DDBE /* ASDetailTableViewCell.m */; };
		04AC2FEF224A077700D6DDBE /* ASTableViewCell.m in Sources */ = {isa = PBXBuildFile; fileRef = 04AC2FE9224A077600D6DDBE /* ASTableViewCell.m */; };
		04AC2FFB224A088300D6DDBE /* blueArrow.png in Resources */ = {isa = PBXBuildFile; fileRef = 04AC2FF1224A088300D6DDBE /* blueArrow.png */; };
		04AC2FFC224A088300D6DDBE /* blueArrow@2x.png in Resources */ = {isa = PBXBuildFile; fileRef = 04AC2FF2224A088300D6DDBE /* blueArrow@2x.png */; };
		04AC2FFD224A088300D6DDBE /* FCXRefreshBaseView.m in Sources */ = {isa = PBXBuildFile; fileRef = 04AC2FF4224A088300D6DDBE /* FCXRefreshBaseView.m */; };
		04AC2FFE224A088300D6DDBE /* FCXRefreshFooterView.m in Sources */ = {isa = PBXBuildFile; fileRef = 04AC2FF6224A088300D6DDBE /* FCXRefreshFooterView.m */; };
		04AC2FFF224A088300D6DDBE /* FCXRefreshHeaderView.m in Sources */ = {isa = PBXBuildFile; fileRef = 04AC2FF8224A088300D6DDBE /* FCXRefreshHeaderView.m */; };
		04AC3000224A088300D6DDBE /* UIScrollView+FCXRefresh.m in Sources */ = {isa = PBXBuildFile; fileRef = 04AC2FFA224A088300D6DDBE /* UIScrollView+FCXRefresh.m */; };
		04AC3009224A089500D6DDBE /* FCXNoDataView.m in Sources */ = {isa = PBXBuildFile; fileRef = 04AC3001224A089400D6DDBE /* FCXNoDataView.m */; };
		04AC300A224A089500D6DDBE /* FCXTableView.m in Sources */ = {isa = PBXBuildFile; fileRef = 04AC3004224A089500D6DDBE /* FCXTableView.m */; };
		04AC300B224A089500D6DDBE /* CustomViewController.m in Sources */ = {isa = PBXBuildFile; fileRef = 04AC3005224A089500D6DDBE /* CustomViewController.m */; };
		04AC300C224A089500D6DDBE /* FCXTableViewCell.m in Sources */ = {isa = PBXBuildFile; fileRef = 04AC3008224A089500D6DDBE /* FCXTableViewCell.m */; };
		D734D95EF7B835B2BDD7E5AD /* libPods-XLsn0wTableView.a in Frameworks */ = {isa = PBXBuildFile; fileRef = 1928F7AC05FFD65AF31EDA2A /* libPods-XLsn0wTableView.a */; };
/* End PBXBuildFile section */

/* Begin PBXContainerItemProxy section */
		044B5F3A2248A27500EF5A1D /* PBXContainerItemProxy */ = {
			isa = PBXContainerItemProxy;
			containerPortal = 044B5F192248A27400EF5A1D /* Project object */;
			proxyType = 1;
			remoteGlobalIDString = 044B5F202248A27400EF5A1D;
			remoteInfo = XLsn0wTableView;
		};
		044B5F452248A27500EF5A1D /* PBXContainerItemProxy */ = {
			isa = PBXContainerItemProxy;
			containerPortal = 044B5F192248A27400EF5A1D /* Project object */;
			proxyType = 1;
			remoteGlobalIDString = 044B5F202248A27400EF5A1D;
			remoteInfo = XLsn0wTableView;
		};
/* End PBXContainerItemProxy section */

/* Begin PBXFileReference section */
		040362F72249CFAE00F3F249 /* XLsn0wLabel.h */ = {isa = PBXFileReference; fileEncoding = 4; lastKnownFileType = sourcecode.c.h; path = XLsn0wLabel.h; sourceTree = "<group>"; };
		040362F82249CFAE00F3F249 /* XLsn0wTableViewCell.m */ = {isa = PBXFileReference; fileEncoding = 4; lastKnownFileType = sourcecode.c.objc; path = XLsn0wTableViewCell.m; sourceTree = "<group>"; };
		040362F92249CFAE00F3F249 /* XLsn0wTableViewCell.h */ = {isa = PBXFileReference; fileEncoding = 4; lastKnownFileType = sourcecode.c.h; path = XLsn0wTableViewCell.h; sourceTree = "<group>"; };
		040362FA2249CFAF00F3F249 /* XLsn0wLabel.m */ = {isa = PBXFileReference; fileEncoding = 4; lastKnownFileType = sourcecode.c.objc; path = XLsn0wLabel.m; sourceTree = "<group>"; };
		040362FB2249CFAF00F3F249 /* DrawTableView.m */ = {isa = PBXFileReference; fileEncoding = 4; lastKnownFileType = sourcecode.c.objc; path = DrawTableView.m; sourceTree = "<group>"; };
		040362FC2249CFAF00F3F249 /* DrawTableView.h */ = {isa = PBXFileReference; fileEncoding = 4; lastKnownFileType = sourcecode.c.h; path = DrawTableView.h; sourceTree = "<group>"; };
		040363012249CFC600F3F249 /* UIScreen+Additions.h */ = {isa = PBXFileReference; fileEncoding = 4; lastKnownFileType = sourcecode.c.h; path = "UIScreen+Additions.h"; sourceTree = "<group>"; };
		040363022249CFC600F3F249 /* UIView+Additions.h */ = {isa = PBXFileReference; fileEncoding = 4; lastKnownFileType = sourcecode.c.h; path = "UIView+Additions.h"; sourceTree = "<group>"; };
		040363032249CFC700F3F249 /* UIScreen+Additions.m */ = {isa = PBXFileReference; fileEncoding = 4; lastKnownFileType = sourcecode.c.objc; path = "UIScreen+Additions.m"; sourceTree = "<group>"; };
		040363042249CFC700F3F249 /* NSString+Additions.h */ = {isa = PBXFileReference; fileEncoding = 4; lastKnownFileType = sourcecode.c.h; path = "NSString+Additions.h"; sourceTree = "<group>"; };
		040363052249CFC700F3F249 /* UIView+Additions.m */ = {isa = PBXFileReference; fileEncoding = 4; lastKnownFileType = sourcecode.c.objc; path = "UIView+Additions.m"; sourceTree = "<group>"; };
		040363062249CFC700F3F249 /* NSString+Additions.m */ = {isa = PBXFileReference; fileEncoding = 4; lastKnownFileType = sourcecode.c.objc; path = "NSString+Additions.m"; sourceTree = "<group>"; };
		0403630A2249D2C800F3F249 /* FirstViewController.h */ = {isa = PBXFileReference; fileEncoding = 4; lastKnownFileType = sourcecode.c.h; path = FirstViewController.h; sourceTree = "<group>"; };
		0403630B2249D2C800F3F249 /* FirstViewController.m */ = {isa = PBXFileReference; fileEncoding = 4; lastKnownFileType = sourcecode.c.objc; path = FirstViewController.m; sourceTree = "<group>"; };
		0403630C2249D2C800F3F249 /* aTableViewCell.m */ = {isa = PBXFileReference; fileEncoding = 4; lastKnownFileType = sourcecode.c.objc; path = aTableViewCell.m; sourceTree = "<group>"; };
		0403630D2249D2C900F3F249 /* bTableViewCell.h */ = {isa = PBXFileReference; fileEncoding = 4; lastKnownFileType = sourcecode.c.h; path = bTableViewCell.h; sourceTree = "<group>"; };
		0403630E2249D2C900F3F249 /* bTableViewCell.xib */ = {isa = PBXFileReference; fileEncoding = 4; lastKnownFileType = file.xib; path = bTableViewCell.xib; sourceTree = "<group>"; };
		0403630F2249D2C900F3F249 /* SecondViewController.m */ = {isa = PBXFileReference; fileEncoding = 4; lastKnownFileType = sourcecode.c.objc; path = SecondViewController.m; sourceTree = "<group>"; };
		040363102249D2C900F3F249 /* bTableViewCell.m */ = {isa = PBXFileReference; fileEncoding = 4; lastKnownFileType = sourcecode.c.objc; path = bTableViewCell.m; sourceTree = "<group>"; };
		040363112249D2C900F3F249 /* aTableViewCell.h */ = {isa = PBXFileReference; fileEncoding = 4; lastKnownFileType = sourcecode.c.h; path = aTableViewCell.h; sourceTree = "<group>"; };
		040363122249D2C900F3F249 /* SecondViewController.h */ = {isa = PBXFileReference; fileEncoding = 4; lastKnownFileType = sourcecode.c.h; path = SecondViewController.h; sourceTree = "<group>"; };
		044B5F212248A27400EF5A1D /* XLsn0wTableView.app */ = {isa = PBXFileReference; explicitFileType = wrapper.application; includeInIndex = 0; path = XLsn0wTableView.app; sourceTree = BUILT_PRODUCTS_DIR; };
		044B5F242248A27400EF5A1D /* AppDelegate.h */ = {isa = PBXFileReference; lastKnownFileType = sourcecode.c.h; path = AppDelegate.h; sourceTree = "<group>"; };
		044B5F252248A27400EF5A1D /* AppDelegate.m */ = {isa = PBXFileReference; lastKnownFileType = sourcecode.c.objc; path = AppDelegate.m; sourceTree = "<group>"; };
		044B5F272248A27400EF5A1D /* ViewController.h */ = {isa = PBXFileReference; lastKnownFileType = sourcecode.c.h; path = ViewController.h; sourceTree = "<group>"; };
		044B5F282248A27400EF5A1D /* ViewController.m */ = {isa = PBXFileReference; lastKnownFileType = sourcecode.c.objc; path = ViewController.m; sourceTree = "<group>"; };
		044B5F2B2248A27400EF5A1D /* Base */ = {isa = PBXFileReference; lastKnownFileType = file.storyboard; name = Base; path = Base.lproj/Main.storyboard; sourceTree = "<group>"; };
		044B5F2D2248A27500EF5A1D /* Assets.xcassets */ = {isa = PBXFileReference; lastKnownFileType = folder.assetcatalog; path = Assets.xcassets; sourceTree = "<group>"; };
		044B5F302248A27500EF5A1D /* Base */ = {isa = PBXFileReference; lastKnownFileType = file.storyboard; name = Base; path = Base.lproj/LaunchScreen.storyboard; sourceTree = "<group>"; };
		044B5F322248A27500EF5A1D /* Info.plist */ = {isa = PBXFileReference; lastKnownFileType = text.plist.xml; path = Info.plist; sourceTree = "<group>"; };
		044B5F332248A27500EF5A1D /* main.m */ = {isa = PBXFileReference; lastKnownFileType = sourcecode.c.objc; path = main.m; sourceTree = "<group>"; };
		044B5F392248A27500EF5A1D /* XLsn0wTableViewTests.xctest */ = {isa = PBXFileReference; explicitFileType = wrapper.cfbundle; includeInIndex = 0; path = XLsn0wTableViewTests.xctest; sourceTree = BUILT_PRODUCTS_DIR; };
		044B5F3D2248A27500EF5A1D /* XLsn0wTableViewTests.m */ = {isa = PBXFileReference; lastKnownFileType = sourcecode.c.objc; path = XLsn0wTableViewTests.m; sourceTree = "<group>"; };
		044B5F3F2248A27500EF5A1D /* Info.plist */ = {isa = PBXFileReference; lastKnownFileType = text.plist.xml; path = Info.plist; sourceTree = "<group>"; };
		044B5F442248A27500EF5A1D /* XLsn0wTableViewUITests.xctest */ = {isa = PBXFileReference; explicitFileType = wrapper.cfbundle; includeInIndex = 0; path = XLsn0wTableViewUITests.xctest; sourceTree = BUILT_PRODUCTS_DIR; };
		044B5F482248A27500EF5A1D /* XLsn0wTableViewUITests.m */ = {isa = PBXFileReference; lastKnownFileType = sourcecode.c.objc; path = XLsn0wTableViewUITests.m; sourceTree = "<group>"; };
		044B5F4A2248A27500EF5A1D /* Info.plist */ = {isa = PBXFileReference; lastKnownFileType = text.plist.xml; path = Info.plist; sourceTree = "<group>"; };
		044B5F5F2248A87200EF5A1D /* TableViewProtocoler.h */ = {isa = PBXFileReference; fileEncoding = 4; lastKnownFileType = sourcecode.c.h; path = TableViewProtocoler.h; sourceTree = "<group>"; };
		044B5F602248A87200EF5A1D /* TableViewProtocoler.m */ = {isa = PBXFileReference; fileEncoding = 4; lastKnownFileType = sourcecode.c.objc; path = TableViewProtocoler.m; sourceTree = "<group>"; };
		044B5F632248A88400EF5A1D /* UITableView+TableViewManager.h */ = {isa = PBXFileReference; fileEncoding = 4; lastKnownFileType = sourcecode.c.h; path = "UITableView+TableViewManager.h"; sourceTree = "<group>"; };
		044B5F642248A88500EF5A1D /* TableViewManager.h */ = {isa = PBXFileReference; fileEncoding = 4; lastKnownFileType = sourcecode.c.h; path = TableViewManager.h; sourceTree = "<group>"; };
		044B5F652248A88500EF5A1D /* TableViewManager.m */ = {isa = PBXFileReference; fileEncoding = 4; lastKnownFileType = sourcecode.c.objc; path = TableViewManager.m; sourceTree = "<group>"; };
		044B5F662248A88500EF5A1D /* UITableView+TableViewManager.m */ = {isa = PBXFileReference; fileEncoding = 4; lastKnownFileType = sourcecode.c.objc; path = "UITableView+TableViewManager.m"; sourceTree = "<group>"; };
		044B5F6A2248B31F00EF5A1D /* XLsn0wTextCarousel.podspec */ = {isa = PBXFileReference; fileEncoding = 4; lastKnownFileType = text; path = XLsn0wTextCarousel.podspec; sourceTree = "<group>"; };
		044B5F6B2248B31F00EF5A1D /* XLsn0wTableViewKit.h */ = {isa = PBXFileReference; fileEncoding = 4; lastKnownFileType = sourcecode.c.h; path = XLsn0wTableViewKit.h; sourceTree = "<group>"; };
		044B5F6D2248C7FB00EF5A1D /* DownloadPicturer.h */ = {isa = PBXFileReference; fileEncoding = 4; lastKnownFileType = sourcecode.c.h; path = DownloadPicturer.h; sourceTree = "<group>"; };
		044B5F6E2248C7FC00EF5A1D /* DownloadPicturerPath.h */ = {isa = PBXFileReference; fileEncoding = 4; lastKnownFileType = sourcecode.c.h; path = DownloadPicturerPath.h; sourceTree = "<group>"; };
		044B5F6F2248C7FC00EF5A1D /* DownloadPicturer.m */ = {isa = PBXFileReference; fileEncoding = 4; lastKnownFileType = sourcecode.c.objc; path = DownloadPicturer.m; sourceTree = "<group>"; };
		044B5F702248C7FC00EF5A1D /* DownloadPicturerPath.m */ = {isa = PBXFileReference; fileEncoding = 4; lastKnownFileType = sourcecode.c.objc; path = DownloadPicturerPath.m; sourceTree = "<group>"; };
		04AC2FDC224A077600D6DDBE /* ASDetailModel.h */ = {isa = PBXFileReference; fileEncoding = 4; lastKnownFileType = sourcecode.c.h; path = ASDetailModel.h; sourceTree = "<group>"; };
		04AC2FDD224A077600D6DDBE /* ASDetailModel.m */ = {isa = PBXFileReference; fileEncoding = 4; lastKnownFileType = sourcecode.c.objc; path = ASDetailModel.m; sourceTree = "<group>"; };
		04AC2FDE224A077600D6DDBE /* ASModel.h */ = {isa = PBXFileReference; fileEncoding = 4; lastKnownFileType = sourcecode.c.h; path = ASModel.h; sourceTree = "<group>"; };
		04AC2FDF224A077600D6DDBE /* ASModel.m */ = {isa = PBXFileReference; fileEncoding = 4; lastKnownFileType = sourcecode.c.objc; path = ASModel.m; sourceTree = "<group>"; };
		04AC2FE1224A077600D6DDBE /* ASDetailViewController.h */ = {isa = PBXFileReference; fileEncoding = 4; lastKnownFileType = sourcecode.c.h; path = ASDetailViewController.h; sourceTree = "<group>"; };
		04AC2FE2224A077600D6DDBE /* ASDetailViewController.m */ = {isa = PBXFileReference; fileEncoding = 4; lastKnownFileType = sourcecode.c.objc; path = ASDetailViewController.m; sourceTree = "<group>"; };
		04AC2FE3224A077600D6DDBE /* ASHomeViewController.h */ = {isa = PBXFileReference; fileEncoding = 4; lastKnownFileType = sourcecode.c.h; path = ASHomeViewController.h; sourceTree = "<group>"; };
		04AC2FE4224A077600D6DDBE /* ASHomeViewController.m */ = {isa = PBXFileReference; fileEncoding = 4; lastKnownFileType = sourcecode.c.objc; path = ASHomeViewController.m; sourceTree = "<group>"; };
		04AC2FE6224A077600D6DDBE /* ASDetailTableViewCell.h */ = {isa = PBXFileReference; fileEncoding = 4; lastKnownFileType = sourcecode.c.h; path = ASDetailTableViewCell.h; sourceTree = "<group>"; };
		04AC2FE7224A077600D6DDBE /* ASDetailTableViewCell.m */ = {isa = PBXFileReference; fileEncoding = 4; lastKnownFileType = sourcecode.c.objc; path = ASDetailTableViewCell.m; sourceTree = "<group>"; };
		04AC2FE8224A077600D6DDBE /* ASTableViewCell.h */ = {isa = PBXFileReference; fileEncoding = 4; lastKnownFileType = sourcecode.c.h; path = ASTableViewCell.h; sourceTree = "<group>"; };
		04AC2FE9224A077600D6DDBE /* ASTableViewCell.m */ = {isa = PBXFileReference; fileEncoding = 4; lastKnownFileType = sourcecode.c.objc; path = ASTableViewCell.m; sourceTree = "<group>"; };
		04AC2FF1224A088300D6DDBE /* blueArrow.png */ = {isa = PBXFileReference; lastKnownFileType = image.png; path = blueArrow.png; sourceTree = "<group>"; };
		04AC2FF2224A088300D6DDBE /* blueArrow@2x.png */ = {isa = PBXFileReference; lastKnownFileType = image.png; path = "blueArrow@2x.png"; sourceTree = "<group>"; };
		04AC2FF3224A088300D6DDBE /* FCXRefreshBaseView.h */ = {isa = PBXFileReference; fileEncoding = 4; lastKnownFileType = sourcecode.c.h; path = FCXRefreshBaseView.h; sourceTree = "<group>"; };
		04AC2FF4224A088300D6DDBE /* FCXRefreshBaseView.m */ = {isa = PBXFileReference; fileEncoding = 4; lastKnownFileType = sourcecode.c.objc; path = FCXRefreshBaseView.m; sourceTree = "<group>"; };
		04AC2FF5224A088300D6DDBE /* FCXRefreshFooterView.h */ = {isa = PBXFileReference; fileEncoding = 4; lastKnownFileType = sourcecode.c.h; path = FCXRefreshFooterView.h; sourceTree = "<group>"; };
		04AC2FF6224A088300D6DDBE /* FCXRefreshFooterView.m */ = {isa = PBXFileReference; fileEncoding = 4; lastKnownFileType = sourcecode.c.objc; path = FCXRefreshFooterView.m; sourceTree = "<group>"; };
		04AC2FF7224A088300D6DDBE /* FCXRefreshHeaderView.h */ = {isa = PBXFileReference; fileEncoding = 4; lastKnownFileType = sourcecode.c.h; path = FCXRefreshHeaderView.h; sourceTree = "<group>"; };
		04AC2FF8224A088300D6DDBE /* FCXRefreshHeaderView.m */ = {isa = PBXFileReference; fileEncoding = 4; lastKnownFileType = sourcecode.c.objc; path = FCXRefreshHeaderView.m; sourceTree = "<group>"; };
		04AC2FF9224A088300D6DDBE /* UIScrollView+FCXRefresh.h */ = {isa = PBXFileReference; fileEncoding = 4; lastKnownFileType = sourcecode.c.h; path = "UIScrollView+FCXRefresh.h"; sourceTree = "<group>"; };
		04AC2FFA224A088300D6DDBE /* UIScrollView+FCXRefresh.m */ = {isa = PBXFileReference; fileEncoding = 4; lastKnownFileType = sourcecode.c.objc; path = "UIScrollView+FCXRefresh.m"; sourceTree = "<group>"; };
		04AC3001224A089400D6DDBE /* FCXNoDataView.m */ = {isa = PBXFileReference; fileEncoding = 4; lastKnownFileType = sourcecode.c.objc; path = FCXNoDataView.m; sourceTree = "<group>"; };
		04AC3002224A089400D6DDBE /* CustomViewController.h */ = {isa = PBXFileReference; fileEncoding = 4; lastKnownFileType = sourcecode.c.h; path = CustomViewController.h; sourceTree = "<group>"; };
		04AC3003224A089400D6DDBE /* FCXTableView.h */ = {isa = PBXFileReference; fileEncoding = 4; lastKnownFileType = sourcecode.c.h; path = FCXTableView.h; sourceTree = "<group>"; };
		04AC3004224A089500D6DDBE /* FCXTableView.m */ = {isa = PBXFileReference; fileEncoding = 4; lastKnownFileType = sourcecode.c.objc; path = FCXTableView.m; sourceTree = "<group>"; };
		04AC3005224A089500D6DDBE /* CustomViewController.m */ = {isa = PBXFileReference; fileEncoding = 4; lastKnownFileType = sourcecode.c.objc; path = CustomViewController.m; sourceTree = "<group>"; };
		04AC3006224A089500D6DDBE /* FCXNoDataView.h */ = {isa = PBXFileReference; fileEncoding = 4; lastKnownFileType = sourcecode.c.h; path = FCXNoDataView.h; sourceTree = "<group>"; };
		04AC3007224A089500D6DDBE /* FCXTableViewCell.h */ = {isa = PBXFileReference; fileEncoding = 4; lastKnownFileType = sourcecode.c.h; path = FCXTableViewCell.h; sourceTree = "<group>"; };
		04AC3008224A089500D6DDBE /* FCXTableViewCell.m */ = {isa = PBXFileReference; fileEncoding = 4; lastKnownFileType = sourcecode.c.objc; path = FCXTableViewCell.m; sourceTree = "<group>"; };
		04AC300D224A09A700D6DDBE /* PrefixHeader.pch */ = {isa = PBXFileReference; lastKnownFileType = sourcecode.c.h; path = PrefixHeader.pch; sourceTree = "<group>"; };
		1928F7AC05FFD65AF31EDA2A /* libPods-XLsn0wTableView.a */ = {isa = PBXFileReference; explicitFileType = archive.ar; includeInIndex = 0; path = "libPods-XLsn0wTableView.a"; sourceTree = BUILT_PRODUCTS_DIR; };
		38453DCC79C94CF414433E99 /* Pods-XLsn0wTableView.debug.xcconfig */ = {isa = PBXFileReference; includeInIndex = 1; lastKnownFileType = text.xcconfig; name = "Pods-XLsn0wTableView.debug.xcconfig"; path = "Target Support Files/Pods-XLsn0wTableView/Pods-XLsn0wTableView.debug.xcconfig"; sourceTree = "<group>"; };
		CC46CFFB44E181D1FB416B59 /* Pods-XLsn0wTableView.release.xcconfig */ = {isa = PBXFileReference; includeInIndex = 1; lastKnownFileType = text.xcconfig; name = "Pods-XLsn0wTableView.release.xcconfig"; path = "Target Support Files/Pods-XLsn0wTableView/Pods-XLsn0wTableView.release.xcconfig"; sourceTree = "<group>"; };
/* End PBXFileReference section */

/* Begin PBXFrameworksBuildPhase section */
		044B5F1E2248A27400EF5A1D /* Frameworks */ = {
			isa = PBXFrameworksBuildPhase;
			buildActionMask = 2147483647;
			files = (
				D734D95EF7B835B2BDD7E5AD /* libPods-XLsn0wTableView.a in Frameworks */,
			);
			runOnlyForDeploymentPostprocessing = 0;
		};
		044B5F362248A27500EF5A1D /* Frameworks */ = {
			isa = PBXFrameworksBuildPhase;
			buildActionMask = 2147483647;
			files = (
			);
			runOnlyForDeploymentPostprocessing = 0;
		};
		044B5F412248A27500EF5A1D /* Frameworks */ = {
			isa = PBXFrameworksBuildPhase;
			buildActionMask = 2147483647;
			files = (
			);
			runOnlyForDeploymentPostprocessing = 0;
		};
/* End PBXFrameworksBuildPhase section */

/* Begin PBXGroup section */
		040362F62249CF9E00F3F249 /* XLsn0wUIKit */ = {
			isa = PBXGroup;
			children = (
				040362FC2249CFAF00F3F249 /* DrawTableView.h */,
				040362FB2249CFAF00F3F249 /* DrawTableView.m */,
				040362F72249CFAE00F3F249 /* XLsn0wLabel.h */,
				040362FA2249CFAF00F3F249 /* XLsn0wLabel.m */,
				040362F92249CFAE00F3F249 /* XLsn0wTableViewCell.h */,
				040362F82249CFAE00F3F249 /* XLsn0wTableViewCell.m */,
			);
			path = XLsn0wUIKit;
			sourceTree = "<group>";
		};
		040363002249CFBB00F3F249 /* Extensions */ = {
			isa = PBXGroup;
			children = (
				040363012249CFC600F3F249 /* UIScreen+Additions.h */,
				040363032249CFC700F3F249 /* UIScreen+Additions.m */,
				040363022249CFC600F3F249 /* UIView+Additions.h */,
				040363052249CFC700F3F249 /* UIView+Additions.m */,
				040363042249CFC700F3F249 /* NSString+Additions.h */,
				040363062249CFC700F3F249 /* NSString+Additions.m */,
			);
			path = Extensions;
			sourceTree = "<group>";
		};
		044B5F182248A27400EF5A1D = {
			isa = PBXGroup;
			children = (
				044B5F692248B31400EF5A1D /* XLsn0wTableViewKit */,
				044B5F232248A27400EF5A1D /* XLsn0wTableView */,
				044B5F3C2248A27500EF5A1D /* XLsn0wTableViewTests */,
				044B5F472248A27500EF5A1D /* XLsn0wTableViewUITests */,
				044B5F222248A27400EF5A1D /* Products */,
				1CA73A53C421521E9A6F740A /* Pods */,
				C18886FE784ADFBF029439F9 /* Frameworks */,
			);
			sourceTree = "<group>";
		};
		044B5F222248A27400EF5A1D /* Products */ = {
			isa = PBXGroup;
			children = (
				044B5F212248A27400EF5A1D /* XLsn0wTableView.app */,
				044B5F392248A27500EF5A1D /* XLsn0wTableViewTests.xctest */,
				044B5F442248A27500EF5A1D /* XLsn0wTableViewUITests.xctest */,
			);
			name = Products;
			sourceTree = "<group>";
		};
		044B5F232248A27400EF5A1D /* XLsn0wTableView */ = {
			isa = PBXGroup;
			children = (
				044B5F242248A27400EF5A1D /* AppDelegate.h */,
				044B5F252248A27400EF5A1D /* AppDelegate.m */,
				044B5F272248A27400EF5A1D /* ViewController.h */,
				044B5F282248A27400EF5A1D /* ViewController.m */,
				044B5F2A2248A27400EF5A1D /* Main.storyboard */,
				040363112249D2C900F3F249 /* aTableViewCell.h */,
				0403630C2249D2C800F3F249 /* aTableViewCell.m */,
				0403630D2249D2C900F3F249 /* bTableViewCell.h */,
				040363102249D2C900F3F249 /* bTableViewCell.m */,
				0403630E2249D2C900F3F249 /* bTableViewCell.xib */,
				0403630A2249D2C800F3F249 /* FirstViewController.h */,
				0403630B2249D2C800F3F249 /* FirstViewController.m */,
				040363122249D2C900F3F249 /* SecondViewController.h */,
				0403630F2249D2C900F3F249 /* SecondViewController.m */,
				04AC2FDB224A077600D6DDBE /* Model */,
				04AC2FE5224A077600D6DDBE /* View */,
				04AC2FE0224A077600D6DDBE /* ViewController */,
				044B5F2D2248A27500EF5A1D /* Assets.xcassets */,
				044B5F2F2248A27500EF5A1D /* LaunchScreen.storyboard */,
				044B5F322248A27500EF5A1D /* Info.plist */,
				04AC300D224A09A700D6DDBE /* PrefixHeader.pch */,
				044B5F332248A27500EF5A1D /* main.m */,
				04AC3002224A089400D6DDBE /* CustomViewController.h */,
				04AC3005224A089500D6DDBE /* CustomViewController.m */,
				04AC3006224A089500D6DDBE /* FCXNoDataView.h */,
				04AC3001224A089400D6DDBE /* FCXNoDataView.m */,
				04AC3003224A089400D6DDBE /* FCXTableView.h */,
				04AC3004224A089500D6DDBE /* FCXTableView.m */,
				04AC3007224A089500D6DDBE /* FCXTableViewCell.h */,
				04AC3008224A089500D6DDBE /* FCXTableViewCell.m */,
			);
			path = XLsn0wTableView;
			sourceTree = "<group>";
		};
		044B5F3C2248A27500EF5A1D /* XLsn0wTableViewTests */ = {
			isa = PBXGroup;
			children = (
				044B5F3D2248A27500EF5A1D /* XLsn0wTableViewTests.m */,
				044B5F3F2248A27500EF5A1D /* Info.plist */,
			);
			path = XLsn0wTableViewTests;
			sourceTree = "<group>";
		};
		044B5F472248A27500EF5A1D /* XLsn0wTableViewUITests */ = {
			isa = PBXGroup;
			children = (
				044B5F482248A27500EF5A1D /* XLsn0wTableViewUITests.m */,
				044B5F4A2248A27500EF5A1D /* Info.plist */,
			);
			path = XLsn0wTableViewUITests;
			sourceTree = "<group>";
		};
		044B5F692248B31400EF5A1D /* XLsn0wTableViewKit */ = {
			isa = PBXGroup;
			children = (
				04AC2FF0224A088300D6DDBE /* FCXRefreshView */,
				040363002249CFBB00F3F249 /* Extensions */,
				040362F62249CF9E00F3F249 /* XLsn0wUIKit */,
				044B5F752248D3CE00EF5A1D /* DownloadPicturer */,
				044B5F742248D01600EF5A1D /* TableViewExtensions */,
				044B5F732248D00700EF5A1D /* TableViewProtocoler */,
				044B5F6A2248B31F00EF5A1D /* XLsn0wTextCarousel.podspec */,
				044B5F6B2248B31F00EF5A1D /* XLsn0wTableViewKit.h */,
			);
			path = XLsn0wTableViewKit;
			sourceTree = "<group>";
		};
		044B5F732248D00700EF5A1D /* TableViewProtocoler */ = {
			isa = PBXGroup;
			children = (
				044B5F642248A88500EF5A1D /* TableViewManager.h */,
				044B5F652248A88500EF5A1D /* TableViewManager.m */,
				044B5F5F2248A87200EF5A1D /* TableViewProtocoler.h */,
				044B5F602248A87200EF5A1D /* TableViewProtocoler.m */,
			);
			path = TableViewProtocoler;
			sourceTree = "<group>";
		};
		044B5F742248D01600EF5A1D /* TableViewExtensions */ = {
			isa = PBXGroup;
			children = (
				044B5F632248A88400EF5A1D /* UITableView+TableViewManager.h */,
				044B5F662248A88500EF5A1D /* UITableView+TableViewManager.m */,
			);
			path = TableViewExtensions;
			sourceTree = "<group>";
		};
		044B5F752248D3CE00EF5A1D /* DownloadPicturer */ = {
			isa = PBXGroup;
			children = (
				044B5F6D2248C7FB00EF5A1D /* DownloadPicturer.h */,
				044B5F6F2248C7FC00EF5A1D /* DownloadPicturer.m */,
				044B5F6E2248C7FC00EF5A1D /* DownloadPicturerPath.h */,
				044B5F702248C7FC00EF5A1D /* DownloadPicturerPath.m */,
			);
			path = DownloadPicturer;
			sourceTree = "<group>";
		};
		04AC2FDB224A077600D6DDBE /* Model */ = {
			isa = PBXGroup;
			children = (
				04AC2FDC224A077600D6DDBE /* ASDetailModel.h */,
				04AC2FDD224A077600D6DDBE /* ASDetailModel.m */,
				04AC2FDE224A077600D6DDBE /* ASModel.h */,
				04AC2FDF224A077600D6DDBE /* ASModel.m */,
			);
			path = Model;
			sourceTree = "<group>";
		};
		04AC2FE0224A077600D6DDBE /* ViewController */ = {
			isa = PBXGroup;
			children = (
				04AC2FE1224A077600D6DDBE /* ASDetailViewController.h */,
				04AC2FE2224A077600D6DDBE /* ASDetailViewController.m */,
				04AC2FE3224A077600D6DDBE /* ASHomeViewController.h */,
				04AC2FE4224A077600D6DDBE /* ASHomeViewController.m */,
			);
			path = ViewController;
			sourceTree = "<group>";
		};
		04AC2FE5224A077600D6DDBE /* View */ = {
			isa = PBXGroup;
			children = (
				04AC2FE6224A077600D6DDBE /* ASDetailTableViewCell.h */,
				04AC2FE7224A077600D6DDBE /* ASDetailTableViewCell.m */,
				04AC2FE8224A077600D6DDBE /* ASTableViewCell.h */,
				04AC2FE9224A077600D6DDBE /* ASTableViewCell.m */,
			);
			path = View;
			sourceTree = "<group>";
		};
		04AC2FF0224A088300D6DDBE /* FCXRefreshView */ = {
			isa = PBXGroup;
			children = (
				04AC2FF1224A088300D6DDBE /* blueArrow.png */,
				04AC2FF2224A088300D6DDBE /* blueArrow@2x.png */,
				04AC2FF3224A088300D6DDBE /* FCXRefreshBaseView.h */,
				04AC2FF4224A088300D6DDBE /* FCXRefreshBaseView.m */,
				04AC2FF5224A088300D6DDBE /* FCXRefreshFooterView.h */,
				04AC2FF6224A088300D6DDBE /* FCXRefreshFooterView.m */,
				04AC2FF7224A088300D6DDBE /* FCXRefreshHeaderView.h */,
				04AC2FF8224A088300D6DDBE /* FCXRefreshHeaderView.m */,
				04AC2FF9224A088300D6DDBE /* UIScrollView+FCXRefresh.h */,
				04AC2FFA224A088300D6DDBE /* UIScrollView+FCXRefresh.m */,
			);
			path = FCXRefreshView;
			sourceTree = "<group>";
		};
		1CA73A53C421521E9A6F740A /* Pods */ = {
			isa = PBXGroup;
			children = (
				38453DCC79C94CF414433E99 /* Pods-XLsn0wTableView.debug.xcconfig */,
				CC46CFFB44E181D1FB416B59 /* Pods-XLsn0wTableView.release.xcconfig */,
			);
			path = Pods;
			sourceTree = "<group>";
		};
		C18886FE784ADFBF029439F9 /* Frameworks */ = {
			isa = PBXGroup;
			children = (
				1928F7AC05FFD65AF31EDA2A /* libPods-XLsn0wTableView.a */,
			);
			name = Frameworks;
			sourceTree = "<group>";
		};
/* End PBXGroup section */

/* Begin PBXNativeTarget section */
		044B5F202248A27400EF5A1D /* XLsn0wTableView */ = {
			isa = PBXNativeTarget;
			buildConfigurationList = 044B5F4D2248A27500EF5A1D /* Build configuration list for PBXNativeTarget "XLsn0wTableView" */;
			buildPhases = (
				BFF4276EEBB35949340A6C62 /* [CP] Check Pods Manifest.lock */,
				044B5F1D2248A27400EF5A1D /* Sources */,
				044B5F1E2248A27400EF5A1D /* Frameworks */,
				044B5F1F2248A27400EF5A1D /* Resources */,
				3F28B6C0A70001D12F4915C2 /* [CP] Copy Pods Resources */,
			);
			buildRules = (
			);
			dependencies = (
			);
			name = XLsn0wTableView;
			productName = XLsn0wTableView;
			productReference = 044B5F212248A27400EF5A1D /* XLsn0wTableView.app */;
			productType = "com.apple.product-type.application";
		};
		044B5F382248A27500EF5A1D /* XLsn0wTableViewTests */ = {
			isa = PBXNativeTarget;
			buildConfigurationList = 044B5F502248A27500EF5A1D /* Build configuration list for PBXNativeTarget "XLsn0wTableViewTests" */;
			buildPhases = (
				044B5F352248A27500EF5A1D /* Sources */,
				044B5F362248A27500EF5A1D /* Frameworks */,
				044B5F372248A27500EF5A1D /* Resources */,
			);
			buildRules = (
			);
			dependencies = (
				044B5F3B2248A27500EF5A1D /* PBXTargetDependency */,
			);
			name = XLsn0wTableViewTests;
			productName = XLsn0wTableViewTests;
			productReference = 044B5F392248A27500EF5A1D /* XLsn0wTableViewTests.xctest */;
			productType = "com.apple.product-type.bundle.unit-test";
		};
		044B5F432248A27500EF5A1D /* XLsn0wTableViewUITests */ = {
			isa = PBXNativeTarget;
			buildConfigurationList = 044B5F532248A27500EF5A1D /* Build configuration list for PBXNativeTarget "XLsn0wTableViewUITests" */;
			buildPhases = (
				044B5F402248A27500EF5A1D /* Sources */,
				044B5F412248A27500EF5A1D /* Frameworks */,
				044B5F422248A27500EF5A1D /* Resources */,
			);
			buildRules = (
			);
			dependencies = (
				044B5F462248A27500EF5A1D /* PBXTargetDependency */,
			);
			name = XLsn0wTableViewUITests;
			productName = XLsn0wTableViewUITests;
			productReference = 044B5F442248A27500EF5A1D /* XLsn0wTableViewUITests.xctest */;
			productType = "com.apple.product-type.bundle.ui-testing";
		};
/* End PBXNativeTarget section */

/* Begin PBXProject section */
		044B5F192248A27400EF5A1D /* Project object */ = {
			isa = PBXProject;
			attributes = {
				LastUpgradeCheck = 1010;
				ORGANIZATIONNAME = XLsn0w;
				TargetAttributes = {
					044B5F202248A27400EF5A1D = {
						CreatedOnToolsVersion = 10.1;
					};
					044B5F382248A27500EF5A1D = {
						CreatedOnToolsVersion = 10.1;
						TestTargetID = 044B5F202248A27400EF5A1D;
					};
					044B5F432248A27500EF5A1D = {
						CreatedOnToolsVersion = 10.1;
						TestTargetID = 044B5F202248A27400EF5A1D;
					};
				};
			};
			buildConfigurationList = 044B5F1C2248A27400EF5A1D /* Build configuration list for PBXProject "XLsn0wTableView" */;
			compatibilityVersion = "Xcode 9.3";
			developmentRegion = en;
			hasScannedForEncodings = 0;
			knownRegions = (
				en,
				Base,
			);
			mainGroup = 044B5F182248A27400EF5A1D;
			productRefGroup = 044B5F222248A27400EF5A1D /* Products */;
			projectDirPath = "";
			projectRoot = "";
			targets = (
				044B5F202248A27400EF5A1D /* XLsn0wTableView */,
				044B5F382248A27500EF5A1D /* XLsn0wTableViewTests */,
				044B5F432248A27500EF5A1D /* XLsn0wTableViewUITests */,
			);
		};
/* End PBXProject section */

/* Begin PBXResourcesBuildPhase section */
		044B5F1F2248A27400EF5A1D /* Resources */ = {
			isa = PBXResourcesBuildPhase;
			buildActionMask = 2147483647;
			files = (
				044B5F312248A27500EF5A1D /* LaunchScreen.storyboard in Resources */,
				040363152249D2C900F3F249 /* bTableViewCell.xib in Resources */,
				044B5F6C2248B32000EF5A1D /* XLsn0wTextCarousel.podspec in Resources */,
				04AC2FFC224A088300D6DDBE /* blueArrow@2x.png in Resources */,
				04AC2FFB224A088300D6DDBE /* blueArrow.png in Resources */,
				044B5F2E2248A27500EF5A1D /* Assets.xcassets in Resources */,
				044B5F2C2248A27400EF5A1D /* Main.storyboard in Resources */,
			);
			runOnlyForDeploymentPostprocessing = 0;
		};
		044B5F372248A27500EF5A1D /* Resources */ = {
			isa = PBXResourcesBuildPhase;
			buildActionMask = 2147483647;
			files = (
			);
			runOnlyForDeploymentPostprocessing = 0;
		};
		044B5F422248A27500EF5A1D /* Resources */ = {
			isa = PBXResourcesBuildPhase;
			buildActionMask = 2147483647;
			files = (
			);
			runOnlyForDeploymentPostprocessing = 0;
		};
/* End PBXResourcesBuildPhase section */

/* Begin PBXShellScriptBuildPhase section */
		3F28B6C0A70001D12F4915C2 /* [CP] Copy Pods Resources */ = {
			isa = PBXShellScriptBuildPhase;
			buildActionMask = 2147483647;
			files = (
			);
			inputFileListPaths = (
			);
			inputPaths = (
				"${PODS_ROOT}/Target Support Files/Pods-XLsn0wTableView/Pods-XLsn0wTableView-resources.sh",
				"${PODS_ROOT}/XLsn0wKit_objc/XLsn0wKit/Resources/XLsn0wKit_objc.bundle",
			);
			name = "[CP] Copy Pods Resources";
			outputFileListPaths = (
			);
			outputPaths = (
				"${TARGET_BUILD_DIR}/${UNLOCALIZED_RESOURCES_FOLDER_PATH}/XLsn0wKit_objc.bundle",
			);
			runOnlyForDeploymentPostprocessing = 0;
			shellPath = /bin/sh;
			shellScript = "\"${PODS_ROOT}/Target Support Files/Pods-XLsn0wTableView/Pods-XLsn0wTableView-resources.sh\"\n";
			showEnvVarsInLog = 0;
		};
		BFF4276EEBB35949340A6C62 /* [CP] Check Pods Manifest.lock */ = {
			isa = PBXShellScriptBuildPhase;
			buildActionMask = 2147483647;
			files = (
			);
			inputFileListPaths = (
			);
			inputPaths = (
				"${PODS_PODFILE_DIR_PATH}/Podfile.lock",
				"${PODS_ROOT}/Manifest.lock",
			);
			name = "[CP] Check Pods Manifest.lock";
			outputFileListPaths = (
			);
			outputPaths = (
				"$(DERIVED_FILE_DIR)/Pods-XLsn0wTableView-checkManifestLockResult.txt",
			);
			runOnlyForDeploymentPostprocessing = 0;
			shellPath = /bin/sh;
			shellScript = "diff \"${PODS_PODFILE_DIR_PATH}/Podfile.lock\" \"${PODS_ROOT}/Manifest.lock\" > /dev/null\nif [ $? != 0 ] ; then\n    # print error to STDERR\n    echo \"error: The sandbox is not in sync with the Podfile.lock. Run 'pod install' or update your CocoaPods installation.\" >&2\n    exit 1\nfi\n# This output is used by Xcode 'outputs' to avoid re-running this script phase.\necho \"SUCCESS\" > \"${SCRIPT_OUTPUT_FILE_0}\"\n";
			showEnvVarsInLog = 0;
		};
/* End PBXShellScriptBuildPhase section */

/* Begin PBXSourcesBuildPhase section */
		044B5F1D2248A27400EF5A1D /* Sources */ = {
			isa = PBXSourcesBuildPhase;
			buildActionMask = 2147483647;
			files = (
				04AC2FEE224A077700D6DDBE /* ASDetailTableViewCell.m in Sources */,
				04AC2FEA224A077700D6DDBE /* ASDetailModel.m in Sources */,
				044B5F292248A27400EF5A1D /* ViewController.m in Sources */,
				04AC2FFF224A088300D6DDBE /* FCXRefreshHeaderView.m in Sources */,
				044B5F712248C7FC00EF5A1D /* DownloadPicturer.m in Sources */,
				040362FF2249CFAF00F3F249 /* DrawTableView.m in Sources */,
				044B5F622248A87200EF5A1D /* TableViewProtocoler.m in Sources */,
				04AC2FEB224A077700D6DDBE /* ASModel.m in Sources */,
				044B5F672248A88500EF5A1D /* TableViewManager.m in Sources */,
				040362FE2249CFAF00F3F249 /* XLsn0wLabel.m in Sources */,
				044B5F682248A88500EF5A1D /* UITableView+TableViewManager.m in Sources */,
				04AC2FED224A077700D6DDBE /* ASHomeViewController.m in Sources */,
				04AC2FEC224A077700D6DDBE /* ASDetailViewController.m in Sources */,
				04AC300B224A089500D6DDBE /* CustomViewController.m in Sources */,
				04AC3009224A089500D6DDBE /* FCXNoDataView.m in Sources */,
				04AC2FFD224A088300D6DDBE /* FCXRefreshBaseView.m in Sources */,
				04AC2FFE224A088300D6DDBE /* FCXRefreshFooterView.m in Sources */,
				04AC300C224A089500D6DDBE /* FCXTableViewCell.m in Sources */,
				040363132249D2C900F3F249 /* FirstViewController.m in Sources */,
				040363092249CFC700F3F249 /* NSString+Additions.m in Sources */,
				040363072249CFC700F3F249 /* UIScreen+Additions.m in Sources */,
				044B5F342248A27500EF5A1D /* main.m in Sources */,
				040363162249D2C900F3F249 /* SecondViewController.m in Sources */,
				04AC300A224A089500D6DDBE /* FCXTableView.m in Sources */,
				044B5F262248A27400EF5A1D /* AppDelegate.m in Sources */,
				044B5F722248C7FC00EF5A1D /* DownloadPicturerPath.m in Sources */,
				04AC2FEF224A077700D6DDBE /* ASTableViewCell.m in Sources */,
				04AC3000224A088300D6DDBE /* UIScrollView+FCXRefresh.m in Sources */,
				040363172249D2C900F3F249 /* bTableViewCell.m in Sources */,
				040362FD2249CFAF00F3F249 /* XLsn0wTableViewCell.m in Sources */,
				040363082249CFC700F3F249 /* UIView+Additions.m in Sources */,
				040363142249D2C900F3F249 /* aTableViewCell.m in Sources */,
			);
			runOnlyForDeploymentPostprocessing = 0;
		};
		044B5F352248A27500EF5A1D /* Sources */ = {
			isa = PBXSourcesBuildPhase;
			buildActionMask = 2147483647;
			files = (
				044B5F3E2248A27500EF5A1D /* XLsn0wTableViewTests.m in Sources */,
			);
			runOnlyForDeploymentPostprocessing = 0;
		};
		044B5F402248A27500EF5A1D /* Sources */ = {
			isa = PBXSourcesBuildPhase;
			buildActionMask = 2147483647;
			files = (
				044B5F492248A27500EF5A1D /* XLsn0wTableViewUITests.m in Sources */,
			);
			runOnlyForDeploymentPostprocessing = 0;
		};
/* End PBXSourcesBuildPhase section */

/* Begin PBXTargetDependency section */
		044B5F3B2248A27500EF5A1D /* PBXTargetDependency */ = {
			isa = PBXTargetDependency;
			target = 044B5F202248A27400EF5A1D /* XLsn0wTableView */;
			targetProxy = 044B5F3A2248A27500EF5A1D /* PBXContainerItemProxy */;
		};
		044B5F462248A27500EF5A1D /* PBXTargetDependency */ = {
			isa = PBXTargetDependency;
			target = 044B5F202248A27400EF5A1D /* XLsn0wTableView */;
			targetProxy = 044B5F452248A27500EF5A1D /* PBXContainerItemProxy */;
		};
/* End PBXTargetDependency section */

/* Begin PBXVariantGroup section */
		044B5F2A2248A27400EF5A1D /* Main.storyboard */ = {
			isa = PBXVariantGroup;
			children = (
				044B5F2B2248A27400EF5A1D /* Base */,
			);
			name = Main.storyboard;
			sourceTree = "<group>";
		};
		044B5F2F2248A27500EF5A1D /* LaunchScreen.storyboard */ = {
			isa = PBXVariantGroup;
			children = (
				044B5F302248A27500EF5A1D /* Base */,
			);
			name = LaunchScreen.storyboard;
			sourceTree = "<group>";
		};
/* End PBXVariantGroup section */

/* Begin XCBuildConfiguration section */
		044B5F4B2248A27500EF5A1D /* Debug */ = {
			isa = XCBuildConfiguration;
			buildSettings = {
				ALWAYS_SEARCH_USER_PATHS = NO;
				CLANG_ANALYZER_NONNULL = YES;
				CLANG_ANALYZER_NUMBER_OBJECT_CONVERSION = YES_AGGRESSIVE;
				CLANG_CXX_LANGUAGE_STANDARD = "gnu++14";
				CLANG_CXX_LIBRARY = "libc++";
				CLANG_ENABLE_MODULES = YES;
				CLANG_ENABLE_OBJC_ARC = YES;
				CLANG_ENABLE_OBJC_WEAK = YES;
				CLANG_WARN_BLOCK_CAPTURE_AUTORELEASING = YES;
				CLANG_WARN_BOOL_CONVERSION = YES;
				CLANG_WARN_COMMA = YES;
				CLANG_WARN_CONSTANT_CONVERSION = YES;
				CLANG_WARN_DEPRECATED_OBJC_IMPLEMENTATIONS = YES;
				CLANG_WARN_DIRECT_OBJC_ISA_USAGE = YES_ERROR;
				CLANG_WARN_DOCUMENTATION_COMMENTS = YES;
				CLANG_WARN_EMPTY_BODY = YES;
				CLANG_WARN_ENUM_CONVERSION = YES;
				CLANG_WARN_INFINITE_RECURSION = YES;
				CLANG_WARN_INT_CONVERSION = YES;
				CLANG_WARN_NON_LITERAL_NULL_CONVERSION = YES;
				CLANG_WARN_OBJC_IMPLICIT_RETAIN_SELF = YES;
				CLANG_WARN_OBJC_LITERAL_CONVERSION = YES;
				CLANG_WARN_OBJC_ROOT_CLASS = YES_ERROR;
				CLANG_WARN_RANGE_LOOP_ANALYSIS = YES;
				CLANG_WARN_STRICT_PROTOTYPES = YES;
				CLANG_WARN_SUSPICIOUS_MOVE = YES;
				CLANG_WARN_UNGUARDED_AVAILABILITY = YES_AGGRESSIVE;
				CLANG_WARN_UNREACHABLE_CODE = YES;
				CLANG_WARN__DUPLICATE_METHOD_MATCH = YES;
				CODE_SIGN_IDENTITY = "iPhone Developer";
				COPY_PHASE_STRIP = NO;
				DEBUG_INFORMATION_FORMAT = dwarf;
				ENABLE_STRICT_OBJC_MSGSEND = YES;
				ENABLE_TESTABILITY = YES;
				GCC_C_LANGUAGE_STANDARD = gnu11;
				GCC_DYNAMIC_NO_PIC = NO;
				GCC_NO_COMMON_BLOCKS = YES;
				GCC_OPTIMIZATION_LEVEL = 0;
				GCC_PREPROCESSOR_DEFINITIONS = (
					"DEBUG=1",
					"$(inherited)",
				);
				GCC_WARN_64_TO_32_BIT_CONVERSION = YES;
				GCC_WARN_ABOUT_RETURN_TYPE = YES_ERROR;
				GCC_WARN_UNDECLARED_SELECTOR = YES;
				GCC_WARN_UNINITIALIZED_AUTOS = YES_AGGRESSIVE;
				GCC_WARN_UNUSED_FUNCTION = YES;
				GCC_WARN_UNUSED_VARIABLE = YES;
				IPHONEOS_DEPLOYMENT_TARGET = 12.1;
				MTL_ENABLE_DEBUG_INFO = INCLUDE_SOURCE;
				MTL_FAST_MATH = YES;
				ONLY_ACTIVE_ARCH = YES;
				SDKROOT = iphoneos;
			};
			name = Debug;
		};
		044B5F4C2248A27500EF5A1D /* Release */ = {
			isa = XCBuildConfiguration;
			buildSettings = {
				ALWAYS_SEARCH_USER_PATHS = NO;
				CLANG_ANALYZER_NONNULL = YES;
				CLANG_ANALYZER_NUMBER_OBJECT_CONVERSION = YES_AGGRESSIVE;
				CLANG_CXX_LANGUAGE_STANDARD = "gnu++14";
				CLANG_CXX_LIBRARY = "libc++";
				CLANG_ENABLE_MODULES = YES;
				CLANG_ENABLE_OBJC_ARC = YES;
				CLANG_ENABLE_OBJC_WEAK = YES;
				CLANG_WARN_BLOCK_CAPTURE_AUTORELEASING = YES;
				CLANG_WARN_BOOL_CONVERSION = YES;
				CLANG_WARN_COMMA = YES;
				CLANG_WARN_CONSTANT_CONVERSION = YES;
				CLANG_WARN_DEPRECATED_OBJC_IMPLEMENTATIONS = YES;
				CLANG_WARN_DIRECT_OBJC_ISA_USAGE = YES_ERROR;
				CLANG_WARN_DOCUMENTATION_COMMENTS = YES;
				CLANG_WARN_EMPTY_BODY = YES;
				CLANG_WARN_ENUM_CONVERSION = YES;
				CLANG_WARN_INFINITE_RECURSION = YES;
				CLANG_WARN_INT_CONVERSION = YES;
				CLANG_WARN_NON_LITERAL_NULL_CONVERSION = YES;
				CLANG_WARN_OBJC_IMPLICIT_RETAIN_SELF = YES;
				CLANG_WARN_OBJC_LITERAL_CONVERSION = YES;
				CLANG_WARN_OBJC_ROOT_CLASS = YES_ERROR;
				CLANG_WARN_RANGE_LOOP_ANALYSIS = YES;
				CLANG_WARN_STRICT_PROTOTYPES = YES;
				CLANG_WARN_SUSPICIOUS_MOVE = YES;
				CLANG_WARN_UNGUARDED_AVAILABILITY = YES_AGGRESSIVE;
				CLANG_WARN_UNREACHABLE_CODE = YES;
				CLANG_WARN__DUPLICATE_METHOD_MATCH = YES;
				CODE_SIGN_IDENTITY = "iPhone Developer";
				COPY_PHASE_STRIP = NO;
				DEBUG_INFORMATION_FORMAT = "dwarf-with-dsym";
				ENABLE_NS_ASSERTIONS = NO;
				ENABLE_STRICT_OBJC_MSGSEND = YES;
				GCC_C_LANGUAGE_STANDARD = gnu11;
				GCC_NO_COMMON_BLOCKS = YES;
				GCC_WARN_64_TO_32_BIT_CONVERSION = YES;
				GCC_WARN_ABOUT_RETURN_TYPE = YES_ERROR;
				GCC_WARN_UNDECLARED_SELECTOR = YES;
				GCC_WARN_UNINITIALIZED_AUTOS = YES_AGGRESSIVE;
				GCC_WARN_UNUSED_FUNCTION = YES;
				GCC_WARN_UNUSED_VARIABLE = YES;
				IPHONEOS_DEPLOYMENT_TARGET = 12.1;
				MTL_ENABLE_DEBUG_INFO = NO;
				MTL_FAST_MATH = YES;
				SDKROOT = iphoneos;
				VALIDATE_PRODUCT = YES;
			};
			name = Release;
		};
		044B5F4E2248A27500EF5A1D /* Debug */ = {
			isa = XCBuildConfiguration;
			baseConfigurationReference = 38453DCC79C94CF414433E99 /* Pods-XLsn0wTableView.debug.xcconfig */;
			buildSettings = {
				ASSETCATALOG_COMPILER_APPICON_NAME = AppIcon;
				CODE_SIGN_STYLE = Automatic;
				GCC_PREFIX_HEADER = XLsn0wTableView/PrefixHeader.pch;
				INFOPLIST_FILE = XLsn0wTableView/Info.plist;
				IPHONEOS_DEPLOYMENT_TARGET = 9.0;
				LD_RUNPATH_SEARCH_PATHS = (
					"$(inherited)",
					"@executable_path/Frameworks",
				);
				PRODUCT_BUNDLE_IDENTIFIER = com.walongkj.xiaolvlan.XLsn0wTableView;
				PRODUCT_NAME = "$(TARGET_NAME)";
				TARGETED_DEVICE_FAMILY = "1,2";
			};
			name = Debug;
		};
		044B5F4F2248A27500EF5A1D /* Release */ = {
			isa = XCBuildConfiguration;
			baseConfigurationReference = CC46CFFB44E181D1FB416B59 /* Pods-XLsn0wTableView.release.xcconfig */;
			buildSettings = {
				ASSETCATALOG_COMPILER_APPICON_NAME = AppIcon;
				CODE_SIGN_STYLE = Automatic;
				GCC_PREFIX_HEADER = XLsn0wTableView/PrefixHeader.pch;
				INFOPLIST_FILE = XLsn0wTableView/Info.plist;
				IPHONEOS_DEPLOYMENT_TARGET = 9.0;
				LD_RUNPATH_SEARCH_PATHS = (
					"$(inherited)",
					"@executable_path/Frameworks",
				);
				PRODUCT_BUNDLE_IDENTIFIER = com.walongkj.xiaolvlan.XLsn0wTableView;
				PRODUCT_NAME = "$(TARGET_NAME)";
				TARGETED_DEVICE_FAMILY = "1,2";
			};
			name = Release;
		};
		044B5F512248A27500EF5A1D /* Debug */ = {
			isa = XCBuildConfiguration;
			buildSettings = {
				BUNDLE_LOADER = "$(TEST_HOST)";
				CODE_SIGN_STYLE = Automatic;
				INFOPLIST_FILE = XLsn0wTableViewTests/Info.plist;
				LD_RUNPATH_SEARCH_PATHS = (
					"$(inherited)",
					"@executable_path/Frameworks",
					"@loader_path/Frameworks",
				);
				PRODUCT_BUNDLE_IDENTIFIER = com.walongkj.xiaolvlan.XLsn0wTableViewTests;
				PRODUCT_NAME = "$(TARGET_NAME)";
				TARGETED_DEVICE_FAMILY = "1,2";
				TEST_HOST = "$(BUILT_PRODUCTS_DIR)/XLsn0wTableView.app/XLsn0wTableView";
			};
			name = Debug;
		};
		044B5F522248A27500EF5A1D /* Release */ = {
			isa = XCBuildConfiguration;
			buildSettings = {
				BUNDLE_LOADER = "$(TEST_HOST)";
				CODE_SIGN_STYLE = Automatic;
				INFOPLIST_FILE = XLsn0wTableViewTests/Info.plist;
				LD_RUNPATH_SEARCH_PATHS = (
					"$(inherited)",
					"@executable_path/Frameworks",
					"@loader_path/Frameworks",
				);
				PRODUCT_BUNDLE_IDENTIFIER = com.walongkj.xiaolvlan.XLsn0wTableViewTests;
				PRODUCT_NAME = "$(TARGET_NAME)";
				TARGETED_DEVICE_FAMILY = "1,2";
				TEST_HOST = "$(BUILT_PRODUCTS_DIR)/XLsn0wTableView.app/XLsn0wTableView";
			};
			name = Release;
		};
		044B5F542248A27500EF5A1D /* Debug */ = {
			isa = XCBuildConfiguration;
			buildSettings = {
				CODE_SIGN_STYLE = Automatic;
				INFOPLIST_FILE = XLsn0wTableViewUITests/Info.plist;
				LD_RUNPATH_SEARCH_PATHS = (
					"$(inherited)",
					"@executable_path/Frameworks",
					"@loader_path/Frameworks",
				);
				PRODUCT_BUNDLE_IDENTIFIER = com.walongkj.xiaolvlan.XLsn0wTableViewUITests;
				PRODUCT_NAME = "$(TARGET_NAME)";
				TARGETED_DEVICE_FAMILY = "1,2";
				TEST_TARGET_NAME = XLsn0wTableView;
			};
			name = Debug;
		};
		044B5F552248A27500EF5A1D /* Release */ = {
			isa = XCBuildConfiguration;
			buildSettings = {
				CODE_SIGN_STYLE = Automatic;
				INFOPLIST_FILE = XLsn0wTableViewUITests/Info.plist;
				LD_RUNPATH_SEARCH_PATHS = (
					"$(inherited)",
					"@executable_path/Frameworks",
					"@loader_path/Frameworks",
				);
				PRODUCT_BUNDLE_IDENTIFIER = com.walongkj.xiaolvlan.XLsn0wTableViewUITests;
				PRODUCT_NAME = "$(TARGET_NAME)";
				TARGETED_DEVICE_FAMILY = "1,2";
				TEST_TARGET_NAME = XLsn0wTableView;
			};
			name = Release;
		};
/* End XCBuildConfiguration section */

/* Begin XCConfigurationList section */
		044B5F1C2248A27400EF5A1D /* Build configuration list for PBXProject "XLsn0wTableView" */ = {
			isa = XCConfigurationList;
			buildConfigurations = (
				044B5F4B2248A27500EF5A1D /* Debug */,
				044B5F4C2248A27500EF5A1D /* Release */,
			);
			defaultConfigurationIsVisible = 0;
			defaultConfigurationName = Release;
		};
		044B5F4D2248A27500EF5A1D /* Build configuration list for PBXNativeTarget "XLsn0wTableView" */ = {
			isa = XCConfigurationList;
			buildConfigurations = (
				044B5F4E2248A27500EF5A1D /* Debug */,
				044B5F4F2248A27500EF5A1D /* Release */,
			);
			defaultConfigurationIsVisible = 0;
			defaultConfigurationName = Release;
		};
		044B5F502248A27500EF5A1D /* Build configuration list for PBXNativeTarget "XLsn0wTableViewTests" */ = {
			isa = XCConfigurationList;
			buildConfigurations = (
				044B5F512248A27500EF5A1D /* Debug */,
				044B5F522248A27500EF5A1D /* Release */,
			);
			defaultConfigurationIsVisible = 0;
			defaultConfigurationName = Release;
		};
		044B5F532248A27500EF5A1D /* Build configuration list for PBXNativeTarget "XLsn0wTableViewUITests" */ = {
			isa = XCConfigurationList;
			buildConfigurations = (
				044B5F542248A27500EF5A1D /* Debug */,
				044B5F552248A27500EF5A1D /* Release */,
			);
			defaultConfigurationIsVisible = 0;
			defaultConfigurationName = Release;
		};
/* End XCConfigurationList section */
	};
	rootObject = 044B5F192248A27400EF5A1D /* Project object */;
}
